
Microsoft Visual Studio Solution File, Format Version 12.00
# Visual Studio Version 17
VisualStudioVersion = 17.6.33815.320
MinimumVisualStudioVersion = 10.0.40219.1
Project("{FAE04EC0-301F-11D3-BF4B-00C04F79EFBC}") = "DalTest", "DalTest\DalTest.csproj", "{59D10E9E-14AB-4E75-85C6-F7480379BB94}"
EndProject
Project("{FAE04EC0-301F-11D3-BF4B-00C04F79EFBC}") = "DalFacade", "DalFacade\DalFacade.csproj", "{7DA17D63-1E7F-464F-8673-575251951E32}"
EndProject
Project("{FAE04EC0-301F-11D3-BF4B-00C04F79EFBC}") = "DalList", "DalList\DalList.csproj", "{73DE1824-6E50-4BBA-8CFA-8C7B40AA454A}"
EndProject
Global
	GlobalSection(SolutionConfigurationPlatforms) = preSolution
		Debug|Any CPU = Debug|Any CPU
		Release|Any CPU = Release|Any CPU
	EndGlobalSection
	GlobalSection(ProjectConfigurationPlatforms) = postSolution
		{59D10E9E-14AB-4E75-85C6-F7480379BB94}.Debug|Any CPU.ActiveCfg = Debug|Any CPU
		{59D10E9E-14AB-4E75-85C6-F7480379BB94}.Debug|Any CPU.Build.0 = Debug|Any CPU
		{59D10E9E-14AB-4E75-85C6-F7480379BB94}.Release|Any CPU.ActiveCfg = Release|Any CPU
		{59D10E9E-14AB-4E75-85C6-F7480379BB94}.Release|Any CPU.Build.0 = Release|Any CPU
		{7DA17D63-1E7F-464F-8673-575251951E32}.Debug|Any CPU.ActiveCfg = Debug|Any CPU
		{7DA17D63-1E7F-464F-8673-575251951E32}.Debug|Any CPU.Build.0 = Debug|Any CPU
		{7DA17D63-1E7F-464F-8673-575251951E32}.Release|Any CPU.ActiveCfg = Release|Any CPU
		{7DA17D63-1E7F-464F-8673-575251951E32}.Release|Any CPU.Build.0 = Release|Any CPU
		{73DE1824-6E50-4BBA-8CFA-8C7B40AA454A}.Debug|Any CPU.ActiveCfg = Debug|Any CPU
		{73DE1824-6E50-4BBA-8CFA-8C7B40AA454A}.Debug|Any CPU.Build.0 = Debug|Any CPU
		{73DE1824-6E50-4BBA-8CFA-8C7B40AA454A}.Release|Any CPU.ActiveCfg = Release|Any CPU
		{73DE1824-6E50-4BBA-8CFA-8C7B40AA454A}.Release|Any CPU.Build.0 = Release|Any CPU
	EndGlobalSection
	GlobalSection(SolutionProperties) = preSolution
		HideSolutionNode = FALSE
	EndGlobalSection
	GlobalSection(ExtensibilityGlobals) = postSolution
		SolutionGuid = {1C904184-2C13-4EE7-B748-48E4513B7829}
	EndGlobalSection
EndGlobal
